{
  "version": 4,
  "terraform_version": "1.13.5",
  "serial": 3,
  "lineage": "37431c92-52cf-c4ca-c5af-b6df1c04f254",
  "outputs": {
    "dev_ou_id": {
      "value": "ou-d12v-20penbpe",
      "type": "string"
    },
    "staging_ou_id": {
      "value": "ou-d12v-xj9r89ik",
      "type": "string"
    }
  },
  "resources": [
    {
      "mode": "managed",
      "type": "aws_organizations_organizational_unit",
      "name": "dev_ou",
      "provider": "provider[\"registry.terraform.io/hashicorp/aws\"]",
      "instances": [
        {
          "schema_version": 0,
          "attributes": {
            "accounts": [],
            "arn": "arn:aws:organizations::245000192780:ou/o-z3lqr1vdix/ou-d12v-20penbpe",
            "id": "ou-d12v-20penbpe",
            "name": "Dev",
            "parent_id": "r-d12v",
            "tags": null,
            "tags_all": {}
          },
          "sensitive_attributes": [],
          "identity_schema_version": 0,
          "identity": {
            "account_id": "245000192780",
            "id": "ou-d12v-20penbpe"
          },
          "private": "bnVsbA=="
        }
      ]
    },
    {
      "mode": "managed",
      "type": "aws_organizations_organizational_unit",
      "name": "staging_ou",
      "provider": "provider[\"registry.terraform.io/hashicorp/aws\"]",
      "instances": [
        {
          "schema_version": 0,
          "attributes": {
            "accounts": [],
            "arn": "arn:aws:organizations::245000192780:ou/o-z3lqr1vdix/ou-d12v-xj9r89ik",
            "id": "ou-d12v-xj9r89ik",
            "name": "Staging",
            "parent_id": "r-d12v",
            "tags": null,
            "tags_all": {}
          },
          "sensitive_attributes": [],
          "identity_schema_version": 0,
          "identity": {
            "account_id": "245000192780",
            "id": "ou-d12v-xj9r89ik"
          },
          "private": "bnVsbA=="
        }
      ]
    }
  ],
  "check_results": null
}
